
Microsoft Visual Studio Solution File, Format Version 12.00
# Visual Studio 15
VisualStudioVersion = 15.0.27428.2037
MinimumVisualStudioVersion = 10.0.40219.1
Project("{FAE04EC0-301F-11D3-BF4B-00C04F79EFBC}") = "ASPlab2", "ASPlab2\ASPlab2.csproj", "{96305872-31A7-44AF-9B91-1F3318C87AED}"
EndProject
Global
	GlobalSection(SolutionConfigurationPlatforms) = preSolution
		Debug|Any CPU = Debug|Any CPU
		Release|Any CPU = Release|Any CPU
	EndGlobalSection
	GlobalSection(ProjectConfigurationPlatforms) = postSolution
		{96305872-31A7-44AF-9B91-1F3318C87AED}.Debug|Any CPU.ActiveCfg = Debug|Any CPU
		{96305872-31A7-44AF-9B91-1F3318C87AED}.Debug|Any CPU.Build.0 = Debug|Any CPU
		{96305872-31A7-44AF-9B91-1F3318C87AED}.Release|Any CPU.ActiveCfg = Release|Any CPU
		{96305872-31A7-44AF-9B91-1F3318C87AED}.Release|Any CPU.Build.0 = Release|Any CPU
	EndGlobalSection
	GlobalSection(SolutionProperties) = preSolution
		HideSolutionNode = FALSE
	EndGlobalSection
	GlobalSection(ExtensibilityGlobals) = postSolution
		SolutionGuid = {C0176BFB-83C0-4490-A47C-8B4F6F108EEC}
	EndGlobalSection
EndGlobal
